
Microsoft Visual Studio Solution File, Format Version 11.00
# Visual Studio 2010
Project("{FAE04EC0-301F-11D3-BF4B-00C04F79EFBC}") = "FreeFallWin", "FreeFallWin\FreeFallWin\FreeFallWin.csproj", "{3BBFD112-6634-469C-B3A6-6AF8AF7E921E}"
EndProject
Project("{96E2B04D-8817-42C6-938A-82C39BA4D311}") = "FreeFallWinContent", "FreeFallWin\FreeFallWinContent\FreeFallWinContent.contentproj", "{D111114C-050A-451F-A893-5D9E4FAFA153}"
EndProject
Global
	GlobalSection(SolutionConfigurationPlatforms) = preSolution
		Debug|x86 = Debug|x86
		Release|x86 = Release|x86
	EndGlobalSection
	GlobalSection(ProjectConfigurationPlatforms) = postSolution
		{3BBFD112-6634-469C-B3A6-6AF8AF7E921E}.Debug|x86.ActiveCfg = Debug|x86
		{3BBFD112-6634-469C-B3A6-6AF8AF7E921E}.Debug|x86.Build.0 = Debug|x86
		{3BBFD112-6634-469C-B3A6-6AF8AF7E921E}.Release|x86.ActiveCfg = Release|x86
		{3BBFD112-6634-469C-B3A6-6AF8AF7E921E}.Release|x86.Build.0 = Release|x86
		{D111114C-050A-451F-A893-5D9E4FAFA153}.Debug|x86.ActiveCfg = Debug|x86
		{D111114C-050A-451F-A893-5D9E4FAFA153}.Release|x86.ActiveCfg = Release|x86
	EndGlobalSection
	GlobalSection(SolutionProperties) = preSolution
		HideSolutionNode = FALSE
	EndGlobalSection
EndGlobal
